{
  "name": "vscode-marketplace-statistics",
  "version": "0.3.0",
  "lockfileVersion": 3,
  "requires": true,
  "packages": {
    "": {
      "name": "vscode-marketplace-statistics",
      "version": "0.3.0",
      "license": "Apache-2.0",
      "dependencies": {
        "patternfly": "^3.59.5"
      }
    },
    "node_modules/@types/c3": {
      "version": "0.6.4",
      "license": "MIT",
      "optional": true,
      "dependencies": {
        "@types/d3": "^4"
      }
    },
    "node_modules/@types/d3": {
      "version": "4.13.13",
      "license": "MIT",
      "optional": true,
      "dependencies": {
        "@types/d3-array": "^1",
        "@types/d3-axis": "^1",
        "@types/d3-brush": "^1",
        "@types/d3-chord": "^1",
        "@types/d3-collection": "*",
        "@types/d3-color": "^1",
        "@types/d3-dispatch": "^1",
        "@types/d3-drag": "^1",
        "@types/d3-dsv": "^1",
        "@types/d3-ease": "^1",
        "@types/d3-force": "^1",
        "@types/d3-format": "^1",
        "@types/d3-geo": "^1",
        "@types/d3-hierarchy": "^1",
        "@types/d3-interpolate": "^1",
        "@types/d3-path": "^1",
        "@types/d3-polygon": "^1",
        "@types/d3-quadtree": "^1",
        "@types/d3-queue": "*",
        "@types/d3-random": "^1",
        "@types/d3-request": "*",
        "@types/d3-scale": "^1",
        "@types/d3-selection": "^1",
        "@types/d3-shape": "^1",
        "@types/d3-time": "^1",
        "@types/d3-time-format": "^2",
        "@types/d3-timer": "^1",
        "@types/d3-transition": "^1",
        "@types/d3-voronoi": "*",
        "@types/d3-zoom": "^1"
      }
    },
    "node_modules/@types/d3-array": {
      "version": "1.2.10",
      "license": "MIT",
      "optional": true
    },
    "node_modules/@types/d3-axis": {
      "version": "1.0.17",
      "license": "MIT",
      "optional": true,
      "dependencies": {
        "@types/d3-selection": "^1"
      }
    },
    "node_modules/@types/d3-brush": {
      "version": "1.1.6",
      "license": "MIT",
      "optional": true,
      "dependencies": {
        "@types/d3-selection": "^1"
      }
    },
    "node_modules/@types/d3-chord": {
      "version": "1.0.12",
      "license": "MIT",
      "optional": true
    },
    "node_modules/@types/d3-collection": {
      "version": "1.0.11",
      "license": "MIT",
      "optional": true
    },
    "node_modules/@types/d3-color": {
      "version": "1.4.3",
      "license": "MIT",
      "optional": true
    },
    "node_modules/@types/d3-dispatch": {
      "version": "1.0.10",
      "license": "MIT",
      "optional": true
    },
    "node_modules/@types/d3-drag": {
      "version": "1.2.6",
      "license": "MIT",
      "optional": true,
      "dependencies": {
        "@types/d3-selection": "^1"
      }
    },
    "node_modules/@types/d3-dsv": {
      "version": "1.2.5",
      "license": "MIT",
      "optional": true
    },
    "node_modules/@types/d3-ease": {
      "version": "1.0.11",
      "license": "MIT",
      "optional": true
    },
    "node_modules/@types/d3-force": {
      "version": "1.2.5",
      "license": "MIT",
      "optional": true
    },
    "node_modules/@types/d3-format": {
      "version": "1.4.3",
      "license": "MIT",
      "optional": true
    },
    "node_modules/@types/d3-geo": {
      "version": "1.12.5",
      "license": "MIT",
      "optional": true,
      "dependencies": {
        "@types/geojson": "*"
      }
    },
    "node_modules/@types/d3-hierarchy": {
      "version": "1.1.9",
      "license": "MIT",
      "optional": true
    },
    "node_modules/@types/d3-interpolate": {
      "version": "1.4.3",
      "license": "MIT",
      "optional": true,
      "dependencies": {
        "@types/d3-color": "^1"
      }
    },
    "node_modules/@types/d3-path": {
      "version": "1.0.9",
      "license": "MIT",
      "optional": true
    },
    "node_modules/@types/d3-polygon": {
      "version": "1.0.8",
      "license": "MIT",
      "optional": true
    },
    "node_modules/@types/d3-quadtree": {
      "version": "1.0.10",
      "license": "MIT",
      "optional": true
    },
    "node_modules/@types/d3-queue": {
      "version": "3.0.8",
      "license": "MIT",
      "optional": true
    },
    "node_modules/@types/d3-random": {
      "version": "1.1.3",
      "license": "MIT",
      "optional": true
    },
    "node_modules/@types/d3-request": {
      "version": "1.0.7",
      "license": "MIT",
      "optional": true,
      "dependencies": {
        "@types/d3-dsv": "^1"
      }
    },
    "node_modules/@types/d3-scale": {
      "version": "1.0.19",
      "license": "MIT",
      "optional": true,
      "dependencies": {
        "@types/d3-time": "^1"
      }
    },
    "node_modules/@types/d3-selection": {
      "version": "1.4.4",
      "license": "MIT",
      "optional": true
    },
    "node_modules/@types/d3-shape": {
      "version": "1.3.9",
      "license": "MIT",
      "optional": true,
      "dependencies": {
        "@types/d3-path": "^1"
      }
    },
    "node_modules/@types/d3-time": {
      "version": "1.1.2",
      "license": "MIT",
      "optional": true
    },
    "node_modules/@types/d3-time-format": {
      "version": "2.3.2",
      "license": "MIT",
      "optional": true
    },
    "node_modules/@types/d3-timer": {
      "version": "1.0.10",
      "license": "MIT",
      "optional": true
    },
    "node_modules/@types/d3-transition": {
      "version": "1.3.3",
      "license": "MIT",
      "optional": true,
      "dependencies": {
        "@types/d3-selection": "^1"
      }
    },
    "node_modules/@types/d3-voronoi": {
      "version": "1.1.10",
      "license": "MIT",
      "optional": true
    },
    "node_modules/@types/d3-zoom": {
      "version": "1.8.5",
      "license": "MIT",
      "optional": true,
      "dependencies": {
        "@types/d3-interpolate": "^1",
        "@types/d3-selection": "^1"
      }
    },
    "node_modules/@types/geojson": {
      "version": "7946.0.11",
      "license": "MIT",
      "optional": true
    },
    "node_modules/bootstrap": {
      "version": "3.4.1",
      "license": "MIT",
      "engines": {
        "node": ">=6"
      }
    },
    "node_modules/bootstrap-datepicker": {
      "version": "1.10.0",
      "license": "Apache-2.0",
      "optional": true,
      "dependencies": {
        "jquery": ">=3.4.0 <4.0.0"
      }
    },
    "node_modules/bootstrap-sass": {
      "version": "3.4.3",
      "license": "MIT",
      "optional": true
    },
    "node_modules/bootstrap-select": {
      "version": "1.12.2",
      "license": "MIT",
      "optional": true,
      "dependencies": {
        "jquery": ">=1.8"
      }
    },
    "node_modules/bootstrap-slider": {
      "version": "9.10.0",
      "license": "MIT",
      "optional": true
    },
    "node_modules/bootstrap-switch": {
      "version": "3.3.4",
      "license": "Apache-2.0",
      "optional": true,
      "peerDependencies": {
        "bootstrap": "^3.1.1",
        "jquery": ">=1.9.0"
      }
    },
    "node_modules/bootstrap-touchspin": {
      "version": "3.1.1",
      "optional": true
    },
    "node_modules/c3": {
      "version": "0.4.24",
      "license": "MIT",
      "optional": true,
      "dependencies": {
        "d3": "~3.5.0"
      }
    },
    "node_modules/d3": {
      "version": "3.5.17",
      "license": "BSD-3-Clause",
      "optional": true
    },
    "node_modules/datatables.net": {
      "version": "1.13.6",
      "license": "MIT",
      "optional": true,
      "dependencies": {
        "jquery": ">=1.7"
      }
    },
    "node_modules/datatables.net-bs": {
      "version": "1.13.6",
      "license": "MIT",
      "optional": true,
      "dependencies": {
        "datatables.net": ">=1.13.4",
        "jquery": ">=1.7"
      }
    },
    "node_modules/datatables.net-colreorder": {
      "version": "1.7.0",
      "license": "MIT",
      "optional": true,
      "dependencies": {
        "datatables.net": ">=1.13.4",
        "jquery": ">=1.7"
      }
    },
    "node_modules/datatables.net-colreorder-bs": {
      "version": "1.3.3",
      "license": "MIT",
      "optional": true,
      "dependencies": {
        "datatables.net-bs": ">=1.10.9",
        "datatables.net-colreorder": ">=1.2.0",
        "jquery": ">=1.7"
      }
    },
    "node_modules/datatables.net-select": {
      "version": "1.2.7",
      "license": "MIT",
      "optional": true,
      "dependencies": {
        "datatables.net": "^1.10.15",
        "jquery": ">=1.7"
      }
    },
    "node_modules/drmonty-datatables-colvis": {
      "version": "1.1.2",
      "optional": true,
      "dependencies": {
        "jquery": ">=1.7.0"
      }
    },
    "node_modules/eonasdan-bootstrap-datetimepicker": {
      "version": "4.17.49",
      "license": "MIT",
      "optional": true,
      "dependencies": {
        "bootstrap": "^3.3",
        "jquery": "^3.5.1",
        "moment": "^2.10",
        "moment-timezone": "^0.4.0"
      },
      "peerDependencies": {
        "bootstrap": "^3.3",
        "jquery": "^1.8.3 || ^2.0 || ^3.0",
        "moment": "^2.10",
        "moment-timezone": "^0.4.0 || ^0.5.0"
      }
    },
    "node_modules/eonasdan-bootstrap-datetimepicker/node_modules/jquery": {
      "version": "3.7.1",
      "license": "MIT",
      "optional": true
    },
    "node_modules/font-awesome": {
      "version": "4.7.0",
      "license": "(OFL-1.1 AND MIT)",
      "engines": {
        "node": ">=0.10.3"
      }
    },
    "node_modules/font-awesome-sass": {
      "version": "4.7.0",
      "license": "MIT",
      "optional": true
    },
    "node_modules/google-code-prettify": {
      "version": "1.0.5",
      "optional": true
    },
    "node_modules/jquery": {
      "version": "3.4.1",
      "license": "MIT"
    },
    "node_modules/jquery-match-height": {
      "version": "0.7.2",
      "license": "MIT",
      "optional": true
    },
    "node_modules/moment": {
      "version": "2.29.4",
      "license": "MIT",
      "optional": true,
      "engines": {
        "node": "*"
      }
    },
    "node_modules/moment-timezone": {
      "version": "0.4.1",
      "license": "MIT",
      "optional": true,
      "dependencies": {
        "moment": ">= 2.6.0"
      },
      "engines": {
        "node": "*"
      }
    },
    "node_modules/patternfly": {
      "version": "3.59.5",
      "license": "MIT",
      "dependencies": {
        "bootstrap": "~3.4.1",
        "font-awesome": "^4.7.0",
        "jquery": "~3.4.1"
      },
      "optionalDependencies": {
        "@types/c3": "^0.6.0",
        "bootstrap-datepicker": "^1.7.1",
        "bootstrap-sass": "^3.4.0",
        "bootstrap-select": "1.12.2",
        "bootstrap-slider": "^9.9.0",
        "bootstrap-switch": "3.3.4",
        "bootstrap-touchspin": "~3.1.1",
        "c3": "~0.4.11",
        "d3": "~3.5.17",
        "datatables.net": "^1.10.15",
        "datatables.net-colreorder": "^1.4.1",
        "datatables.net-colreorder-bs": "~1.3.2",
        "datatables.net-select": "~1.2.0",
        "drmonty-datatables-colvis": "~1.1.2",
        "eonasdan-bootstrap-datetimepicker": "^4.17.47",
        "font-awesome-sass": "^4.7.0",
        "google-code-prettify": "~1.0.5",
        "jquery-match-height": "^0.7.2",
        "moment": "^2.19.1",
        "moment-timezone": "^0.4.1",
        "patternfly-bootstrap-combobox": "~1.1.7",
        "patternfly-bootstrap-treeview": "~2.1.10"
      }
    },
    "node_modules/patternfly-bootstrap-combobox": {
      "version": "1.1.7",
      "license": "Apache-2.0",
      "optional": true
    },
    "node_modules/patternfly-bootstrap-treeview": {
      "version": "2.1.10",
      "license": "Apache-2.0",
      "optional": true,
      "dependencies": {
        "bootstrap": "^3.4.1",
        "jquery": "^3.4.1"
      },
      "engines": {
        "node": ">= 0.10.0"
      }
    }
  }
}
